// !$*UTF8*$!
{
	archiveVersion = 1;
	classes = {
	};
	objectVersion = 46;
	objects = {

/* Begin PBXBuildFile section */
		262F966A1B1A74240084807B /* about.jpg in Resources */ = {isa = PBXBuildFile; fileRef = 262F96681B1A74240084807B /* about.jpg */; };
		262F966B1B1A74240084807B /* about.html in Resources */ = {isa = PBXBuildFile; fileRef = 262F96691B1A74240084807B /* about.html */; };
		26389BBC1B1D9DEA007125A3 /* angry_birds_cake.jpg in Resources */ = {isa = PBXBuildFile; fileRef = 26389B8B1B1D9DEA007125A3 /* angry_birds_cake.jpg */; };
		26389BBD1B1D9DEA007125A3 /* angry_birds_cake@2x.jpg in Resources */ = {isa = PBXBuildFile; fileRef = 26389B8C1B1D9DEA007125A3 /* angry_birds_cake@2x.jpg */; };
		26389BBE1B1D9DEA007125A3 /* angry_birds_cake@3x.jpg in Resources */ = {isa = PBXBuildFile; fileRef = 26389B8D1B1D9DEA007125A3 /* angry_birds_cake@3x.jpg */; };
		26389BBF1B1D9DEA007125A3 /* creme_brelee.jpg in Resources */ = {isa = PBXBuildFile; fileRef = 26389B8E1B1D9DEA007125A3 /* creme_brelee.jpg */; };
		26389BC01B1D9DEA007125A3 /* creme_brelee@2x.jpg in Resources */ = {isa = PBXBuildFile; fileRef = 26389B8F1B1D9DEA007125A3 /* creme_brelee@2x.jpg */; };
		26389BC11B1D9DEA007125A3 /* creme_brelee@3x.jpg in Resources */ = {isa = PBXBuildFile; fileRef = 26389B901B1D9DEA007125A3 /* creme_brelee@3x.jpg */; };
		26389BC21B1D9DEA007125A3 /* egg_benedict.jpg in Resources */ = {isa = PBXBuildFile; fileRef = 26389B911B1D9DEA007125A3 /* egg_benedict.jpg */; };
		26389BC31B1D9DEA007125A3 /* egg_benedict@2x.jpg in Resources */ = {isa = PBXBuildFile; fileRef = 26389B921B1D9DEA007125A3 /* egg_benedict@2x.jpg */; };
		26389BC41B1D9DEA007125A3 /* egg_benedict@3x.jpg in Resources */ = {isa = PBXBuildFile; fileRef = 26389B931B1D9DEA007125A3 /* egg_benedict@3x.jpg */; };
		26389BC51B1D9DEA007125A3 /* full_breakfast.jpg in Resources */ = {isa = PBXBuildFile; fileRef = 26389B941B1D9DEA007125A3 /* full_breakfast.jpg */; };
		26389BC61B1D9DEA007125A3 /* full_breakfast@2x.jpg in Resources */ = {isa = PBXBuildFile; fileRef = 26389B951B1D9DEA007125A3 /* full_breakfast@2x.jpg */; };
		26389BC71B1D9DEA007125A3 /* full_breakfast@3x.jpg in Resources */ = {isa = PBXBuildFile; fileRef = 26389B961B1D9DEA007125A3 /* full_breakfast@3x.jpg */; };
		26389BC81B1D9DEA007125A3 /* green_tea.jpg in Resources */ = {isa = PBXBuildFile; fileRef = 26389B971B1D9DEA007125A3 /* green_tea.jpg */; };
		26389BC91B1D9DEA007125A3 /* green_tea@2x.jpg in Resources */ = {isa = PBXBuildFile; fileRef = 26389B981B1D9DEA007125A3 /* green_tea@2x.jpg */; };
		26389BCA1B1D9DEA007125A3 /* green_tea@3x.jpg in Resources */ = {isa = PBXBuildFile; fileRef = 26389B991B1D9DEA007125A3 /* green_tea@3x.jpg */; };
		26389BCB1B1D9DEA007125A3 /* ham_and_cheese_panini.jpg in Resources */ = {isa = PBXBuildFile; fileRef = 26389B9A1B1D9DEA007125A3 /* ham_and_cheese_panini.jpg */; };
		26389BCC1B1D9DEA007125A3 /* ham_and_cheese_panini@2x.jpg in Resources */ = {isa = PBXBuildFile; fileRef = 26389B9B1B1D9DEA007125A3 /* ham_and_cheese_panini@2x.jpg */; };
		26389BCD1B1D9DEA007125A3 /* ham_and_cheese_panini@3x.jpg in Resources */ = {isa = PBXBuildFile; fileRef = 26389B9C1B1D9DEA007125A3 /* ham_and_cheese_panini@3x.jpg */; };
		26389BCE1B1D9DEA007125A3 /* ham_and_egg_sandwich.jpg in Resources */ = {isa = PBXBuildFile; fileRef = 26389B9D1B1D9DEA007125A3 /* ham_and_egg_sandwich.jpg */; };
		26389BCF1B1D9DEA007125A3 /* ham_and_egg_sandwich@2x.jpg in Resources */ = {isa = PBXBuildFile; fileRef = 26389B9E1B1D9DEA007125A3 /* ham_and_egg_sandwich@2x.jpg */; };
		26389BD01B1D9DEA007125A3 /* ham_and_egg_sandwich@3x.jpg in Resources */ = {isa = PBXBuildFile; fileRef = 26389B9F1B1D9DEA007125A3 /* ham_and_egg_sandwich@3x.jpg */; };
		26389BD11B1D9DEA007125A3 /* hamburger.jpg in Resources */ = {isa = PBXBuildFile; fileRef = 26389BA01B1D9DEA007125A3 /* hamburger.jpg */; };
		26389BD21B1D9DEA007125A3 /* hamburger@2x.jpg in Resources */ = {isa = PBXBuildFile; fileRef = 26389BA11B1D9DEA007125A3 /* hamburger@2x.jpg */; };
		26389BD31B1D9DEA007125A3 /* hamburger@3x.jpg in Resources */ = {isa = PBXBuildFile; fileRef = 26389BA21B1D9DEA007125A3 /* hamburger@3x.jpg */; };
		26389BD41B1D9DEA007125A3 /* instant_noodle_with_egg.jpg in Resources */ = {isa = PBXBuildFile; fileRef = 26389BA31B1D9DEA007125A3 /* instant_noodle_with_egg.jpg */; };
		26389BD51B1D9DEA007125A3 /* instant_noodle_with_egg@2x.jpg in Resources */ = {isa = PBXBuildFile; fileRef = 26389BA41B1D9DEA007125A3 /* instant_noodle_with_egg@2x.jpg */; };
		26389BD61B1D9DEA007125A3 /* instant_noodle_with_egg@3x.jpg in Resources */ = {isa = PBXBuildFile; fileRef = 26389BA51B1D9DEA007125A3 /* instant_noodle_with_egg@3x.jpg */; };
		26389BD71B1D9DEA007125A3 /* japanese_noodle_with_pork.jpg in Resources */ = {isa = PBXBuildFile; fileRef = 26389BA61B1D9DEA007125A3 /* japanese_noodle_with_pork.jpg */; };
		26389BD81B1D9DEA007125A3 /* japanese_noodle_with_pork@2x.jpg in Resources */ = {isa = PBXBuildFile; fileRef = 26389BA71B1D9DEA007125A3 /* japanese_noodle_with_pork@2x.jpg */; };
		26389BD91B1D9DEA007125A3 /* japanese_noodle_with_pork@3x.jpg in Resources */ = {isa = PBXBuildFile; fileRef = 26389BA81B1D9DEA007125A3 /* japanese_noodle_with_pork@3x.jpg */; };
		26389BDA1B1D9DEA007125A3 /* mushroom_risotto.jpg in Resources */ = {isa = PBXBuildFile; fileRef = 26389BA91B1D9DEA007125A3 /* mushroom_risotto.jpg */; };
		26389BDB1B1D9DEA007125A3 /* mushroom_risotto@2x.jpg in Resources */ = {isa = PBXBuildFile; fileRef = 26389BAA1B1D9DEA007125A3 /* mushroom_risotto@2x.jpg */; };
		26389BDC1B1D9DEA007125A3 /* mushroom_risotto@3x.jpg in Resources */ = {isa = PBXBuildFile; fileRef = 26389BAB1B1D9DEA007125A3 /* mushroom_risotto@3x.jpg */; };
		26389BDD1B1D9DEA007125A3 /* noodle_with_bbq_pork.jpg in Resources */ = {isa = PBXBuildFile; fileRef = 26389BAC1B1D9DEA007125A3 /* noodle_with_bbq_pork.jpg */; };
		26389BDE1B1D9DEA007125A3 /* noodle_with_bbq_pork@2x.jpg in Resources */ = {isa = PBXBuildFile; fileRef = 26389BAD1B1D9DEA007125A3 /* noodle_with_bbq_pork@2x.jpg */; };
		26389BDF1B1D9DEA007125A3 /* noodle_with_bbq_pork@3x.jpg in Resources */ = {isa = PBXBuildFile; fileRef = 26389BAE1B1D9DEA007125A3 /* noodle_with_bbq_pork@3x.jpg */; };
		26389BE01B1D9DEA007125A3 /* simpletable_image_pack.zip in Resources */ = {isa = PBXBuildFile; fileRef = 26389BAF1B1D9DEA007125A3 /* simpletable_image_pack.zip */; };
		26389BE11B1D9DEA007125A3 /* starbucks_coffee.jpg in Resources */ = {isa = PBXBuildFile; fileRef = 26389BB01B1D9DEA007125A3 /* starbucks_coffee.jpg */; };
		26389BE21B1D9DEA007125A3 /* starbucks_coffee@2x.jpg in Resources */ = {isa = PBXBuildFile; fileRef = 26389BB11B1D9DEA007125A3 /* starbucks_coffee@2x.jpg */; };
		26389BE31B1D9DEA007125A3 /* starbucks_coffee@3x.jpg in Resources */ = {isa = PBXBuildFile; fileRef = 26389BB21B1D9DEA007125A3 /* starbucks_coffee@3x.jpg */; };
		26389BE41B1D9DEA007125A3 /* thai_shrimp_cake.jpg in Resources */ = {isa = PBXBuildFile; fileRef = 26389BB31B1D9DEA007125A3 /* thai_shrimp_cake.jpg */; };
		26389BE51B1D9DEA007125A3 /* thai_shrimp_cake@2x.jpg in Resources */ = {isa = PBXBuildFile; fileRef = 26389BB41B1D9DEA007125A3 /* thai_shrimp_cake@2x.jpg */; };
		26389BE61B1D9DEA007125A3 /* thai_shrimp_cake@3x.jpg in Resources */ = {isa = PBXBuildFile; fileRef = 26389BB51B1D9DEA007125A3 /* thai_shrimp_cake@3x.jpg */; };
		26389BE71B1D9DEA007125A3 /* vegetable_curry.jpg in Resources */ = {isa = PBXBuildFile; fileRef = 26389BB61B1D9DEA007125A3 /* vegetable_curry.jpg */; };
		26389BE81B1D9DEA007125A3 /* vegetable_curry@2x.jpg in Resources */ = {isa = PBXBuildFile; fileRef = 26389BB71B1D9DEA007125A3 /* vegetable_curry@2x.jpg */; };
		26389BE91B1D9DEA007125A3 /* vegetable_curry@3x.jpg in Resources */ = {isa = PBXBuildFile; fileRef = 26389BB81B1D9DEA007125A3 /* vegetable_curry@3x.jpg */; };
		26389BEA1B1D9DEA007125A3 /* white_chocolate_donut.jpg in Resources */ = {isa = PBXBuildFile; fileRef = 26389BB91B1D9DEA007125A3 /* white_chocolate_donut.jpg */; };
		26389BEB1B1D9DEA007125A3 /* white_chocolate_donut@2x.jpg in Resources */ = {isa = PBXBuildFile; fileRef = 26389BBA1B1D9DEA007125A3 /* white_chocolate_donut@2x.jpg */; };
		26389BEC1B1D9DEA007125A3 /* white_chocolate_donut@3x.jpg in Resources */ = {isa = PBXBuildFile; fileRef = 26389BBB1B1D9DEA007125A3 /* white_chocolate_donut@3x.jpg */; };
		26D016491B111FB10057590C /* main.m in Sources */ = {isa = PBXBuildFile; fileRef = 26D016481B111FB10057590C /* main.m */; };
		26D0164C1B111FB10057590C /* AppDelegate.m in Sources */ = {isa = PBXBuildFile; fileRef = 26D0164B1B111FB10057590C /* AppDelegate.m */; };
		26D016571B111FB10057590C /* LaunchScreen.xib in Resources */ = {isa = PBXBuildFile; fileRef = 26D016551B111FB10057590C /* LaunchScreen.xib */; };
		26D016631B111FB10057590C /* CustomTableTests.m in Sources */ = {isa = PBXBuildFile; fileRef = 26D016621B111FB10057590C /* CustomTableTests.m */; };
		26D0166E1B111FD50057590C /* TableViewController.m in Sources */ = {isa = PBXBuildFile; fileRef = 26D0166D1B111FD50057590C /* TableViewController.m */; };
		26D724291B14EAC2001F2BBB /* CustomTableViewCell.m in Sources */ = {isa = PBXBuildFile; fileRef = 26D724281B14EAC2001F2BBB /* CustomTableViewCell.m */; };
		26E7BC891B1A23A100B88DF0 /* Recipes.plist in Resources */ = {isa = PBXBuildFile; fileRef = 26E7BC881B1A23A100B88DF0 /* Recipes.plist */; };
		26E7BC8C1B1A318400B88DF0 /* RecipesVC.m in Sources */ = {isa = PBXBuildFile; fileRef = 26E7BC8B1B1A318400B88DF0 /* RecipesVC.m */; };
		26E7BC921B1A6BBA00B88DF0 /* AboutVC.m in Sources */ = {isa = PBXBuildFile; fileRef = 26E7BC911B1A6BBA00B88DF0 /* AboutVC.m */; };
/* End PBXBuildFile section */

/* Begin PBXContainerItemProxy section */
		26D0165D1B111FB10057590C /* PBXContainerItemProxy */ = {
			isa = PBXContainerItemProxy;
			containerPortal = 26D0163B1B111FB10057590C /* Project object */;
			proxyType = 1;
			remoteGlobalIDString = 26D016421B111FB10057590C;
			remoteInfo = CustomTable;
		};
/* End PBXContainerItemProxy section */

/* Begin PBXFileReference section */
		262F96681B1A74240084807B /* about.jpg */ = {isa = PBXFileReference; lastKnownFileType = image.jpeg; name = about.jpg; path = "../../../../Downloads/book-tabbar-about/about.jpg"; sourceTree = "<group>"; };
		262F96691B1A74240084807B /* about.html */ = {isa = PBXFileReference; fileEncoding = 4; lastKnownFileType = text.html; name = about.html; path = "../../../../Downloads/book-tabbar-about/about.html"; sourceTree = "<group>"; };
		26389B8B1B1D9DEA007125A3 /* angry_birds_cake.jpg */ = {isa = PBXFileReference; lastKnownFileType = image.jpeg; path = angry_birds_cake.jpg; sourceTree = "<group>"; };
		26389B8C1B1D9DEA007125A3 /* angry_birds_cake@2x.jpg */ = {isa = PBXFileReference; lastKnownFileType = image.jpeg; path = "angry_birds_cake@2x.jpg"; sourceTree = "<group>"; };
		26389B8D1B1D9DEA007125A3 /* angry_birds_cake@3x.jpg */ = {isa = PBXFileReference; lastKnownFileType = image.jpeg; path = "angry_birds_cake@3x.jpg"; sourceTree = "<group>"; };
		26389B8E1B1D9DEA007125A3 /* creme_brelee.jpg */ = {isa = PBXFileReference; lastKnownFileType = image.jpeg; path = creme_brelee.jpg; sourceTree = "<group>"; };
		26389B8F1B1D9DEA007125A3 /* creme_brelee@2x.jpg */ = {isa = PBXFileReference; lastKnownFileType = image.jpeg; path = "creme_brelee@2x.jpg"; sourceTree = "<group>"; };
		26389B901B1D9DEA007125A3 /* creme_brelee@3x.jpg */ = {isa = PBXFileReference; lastKnownFileType = image.jpeg; path = "creme_brelee@3x.jpg"; sourceTree = "<group>"; };
		26389B911B1D9DEA007125A3 /* egg_benedict.jpg */ = {isa = PBXFileReference; lastKnownFileType = image.jpeg; path = egg_benedict.jpg; sourceTree = "<group>"; };
		26389B921B1D9DEA007125A3 /* egg_benedict@2x.jpg */ = {isa = PBXFileReference; lastKnownFileType = image.jpeg; path = "egg_benedict@2x.jpg"; sourceTree = "<group>"; };
		26389B931B1D9DEA007125A3 /* egg_benedict@3x.jpg */ = {isa = PBXFileReference; lastKnownFileType = image.jpeg; path = "egg_benedict@3x.jpg"; sourceTree = "<group>"; };
		26389B941B1D9DEA007125A3 /* full_breakfast.jpg */ = {isa = PBXFileReference; lastKnownFileType = image.jpeg; path = full_breakfast.jpg; sourceTree = "<group>"; };
		26389B951B1D9DEA007125A3 /* full_breakfast@2x.jpg */ = {isa = PBXFileReference; lastKnownFileType = image.jpeg; path = "full_breakfast@2x.jpg"; sourceTree = "<group>"; };
		26389B961B1D9DEA007125A3 /* full_breakfast@3x.jpg */ = {isa = PBXFileReference; lastKnownFileType = image.jpeg; path = "full_breakfast@3x.jpg"; sourceTree = "<group>"; };
		26389B971B1D9DEA007125A3 /* green_tea.jpg */ = {isa = PBXFileReference; lastKnownFileType = image.jpeg; path = green_tea.jpg; sourceTree = "<group>"; };
		26389B981B1D9DEA007125A3 /* green_tea@2x.jpg */ = {isa = PBXFileReference; lastKnownFileType = image.jpeg; path = "green_tea@2x.jpg"; sourceTree = "<group>"; };
		26389B991B1D9DEA007125A3 /* green_tea@3x.jpg */ = {isa = PBXFileReference; lastKnownFileType = image.jpeg; path = "green_tea@3x.jpg"; sourceTree = "<group>"; };
		26389B9A1B1D9DEA007125A3 /* ham_and_cheese_panini.jpg */ = {isa = PBXFileReference; lastKnownFileType = image.jpeg; path = ham_and_cheese_panini.jpg; sourceTree = "<group>"; };
		26389B9B1B1D9DEA007125A3 /* ham_and_cheese_panini@2x.jpg */ = {isa = PBXFileReference; lastKnownFileType = image.jpeg; path = "ham_and_cheese_panini@2x.jpg"; sourceTree = "<group>"; };
		26389B9C1B1D9DEA007125A3 /* ham_and_cheese_panini@3x.jpg */ = {isa = PBXFileReference; lastKnownFileType = image.jpeg; path = "ham_and_cheese_panini@3x.jpg"; sourceTree = "<group>"; };
		26389B9D1B1D9DEA007125A3 /* ham_and_egg_sandwich.jpg */ = {isa = PBXFileReference; lastKnownFileType = image.jpeg; path = ham_and_egg_sandwich.jpg; sourceTree = "<group>"; };
		26389B9E1B1D9DEA007125A3 /* ham_and_egg_sandwich@2x.jpg */ = {isa = PBXFileReference; lastKnownFileType = image.jpeg; path = "ham_and_egg_sandwich@2x.jpg"; sourceTree = "<group>"; };
		26389B9F1B1D9DEA007125A3 /* ham_and_egg_sandwich@3x.jpg */ = {isa = PBXFileReference; lastKnownFileType = image.jpeg; path = "ham_and_egg_sandwich@3x.jpg"; sourceTree = "<group>"; };
		26389BA01B1D9DEA007125A3 /* hamburger.jpg */ = {isa = PBXFileReference; lastKnownFileType = image.jpeg; path = hamburger.jpg; sourceTree = "<group>"; };
		26389BA11B1D9DEA007125A3 /* hamburger@2x.jpg */ = {isa = PBXFileReference; lastKnownFileType = image.jpeg; path = "hamburger@2x.jpg"; sourceTree = "<group>"; };
		26389BA21B1D9DEA007125A3 /* hamburger@3x.jpg */ = {isa = PBXFileReference; lastKnownFileType = image.jpeg; path = "hamburger@3x.jpg"; sourceTree = "<group>"; };
		26389BA31B1D9DEA007125A3 /* instant_noodle_with_egg.jpg */ = {isa = PBXFileReference; lastKnownFileType = image.jpeg; path = instant_noodle_with_egg.jpg; sourceTree = "<group>"; };
		26389BA41B1D9DEA007125A3 /* instant_noodle_with_egg@2x.jpg */ = {isa = PBXFileReference; lastKnownFileType = image.jpeg; path = "instant_noodle_with_egg@2x.jpg"; sourceTree = "<group>"; };
		26389BA51B1D9DEA007125A3 /* instant_noodle_with_egg@3x.jpg */ = {isa = PBXFileReference; lastKnownFileType = image.jpeg; path = "instant_noodle_with_egg@3x.jpg"; sourceTree = "<group>"; };
		26389BA61B1D9DEA007125A3 /* japanese_noodle_with_pork.jpg */ = {isa = PBXFileReference; lastKnownFileType = image.jpeg; path = japanese_noodle_with_pork.jpg; sourceTree = "<group>"; };
		26389BA71B1D9DEA007125A3 /* japanese_noodle_with_pork@2x.jpg */ = {isa = PBXFileReference; lastKnownFileType = image.jpeg; path = "japanese_noodle_with_pork@2x.jpg"; sourceTree = "<group>"; };
		26389BA81B1D9DEA007125A3 /* japanese_noodle_with_pork@3x.jpg */ = {isa = PBXFileReference; lastKnownFileType = image.jpeg; path = "japanese_noodle_with_pork@3x.jpg"; sourceTree = "<group>"; };
		26389BA91B1D9DEA007125A3 /* mushroom_risotto.jpg */ = {isa = PBXFileReference; lastKnownFileType = image.jpeg; path = mushroom_risotto.jpg; sourceTree = "<group>"; };
		26389BAA1B1D9DEA007125A3 /* mushroom_risotto@2x.jpg */ = {isa = PBXFileReference; lastKnownFileType = image.jpeg; path = "mushroom_risotto@2x.jpg"; sourceTree = "<group>"; };
		26389BAB1B1D9DEA007125A3 /* mushroom_risotto@3x.jpg */ = {isa = PBXFileReference; lastKnownFileType = image.jpeg; path = "mushroom_risotto@3x.jpg"; sourceTree = "<group>"; };
		26389BAC1B1D9DEA007125A3 /* noodle_with_bbq_pork.jpg */ = {isa = PBXFileReference; lastKnownFileType = image.jpeg; path = noodle_with_bbq_pork.jpg; sourceTree = "<group>"; };
		26389BAD1B1D9DEA007125A3 /* noodle_with_bbq_pork@2x.jpg */ = {isa = PBXFileReference; lastKnownFileType = image.jpeg; path = "noodle_with_bbq_pork@2x.jpg"; sourceTree = "<group>"; };
		26389BAE1B1D9DEA007125A3 /* noodle_with_bbq_pork@3x.jpg */ = {isa = PBXFileReference; lastKnownFileType = image.jpeg; path = "noodle_with_bbq_pork@3x.jpg"; sourceTree = "<group>"; };
		26389BAF1B1D9DEA007125A3 /* simpletable_image_pack.zip */ = {isa = PBXFileReference; lastKnownFileType = archive.zip; path = simpletable_image_pack.zip; sourceTree = "<group>"; };
		26389BB01B1D9DEA007125A3 /* starbucks_coffee.jpg */ = {isa = PBXFileReference; lastKnownFileType = image.jpeg; path = starbucks_coffee.jpg; sourceTree = "<group>"; };
		26389BB11B1D9DEA007125A3 /* starbucks_coffee@2x.jpg */ = {isa = PBXFileReference; lastKnownFileType = image.jpeg; path = "starbucks_coffee@2x.jpg"; sourceTree = "<group>"; };
		26389BB21B1D9DEA007125A3 /* starbucks_coffee@3x.jpg */ = {isa = PBXFileReference; lastKnownFileType = image.jpeg; path = "starbucks_coffee@3x.jpg"; sourceTree = "<group>"; };
		26389BB31B1D9DEA007125A3 /* thai_shrimp_cake.jpg */ = {isa = PBXFileReference; lastKnownFileType = image.jpeg; path = thai_shrimp_cake.jpg; sourceTree = "<group>"; };
		26389BB41B1D9DEA007125A3 /* thai_shrimp_cake@2x.jpg */ = {isa = PBXFileReference; lastKnownFileType = image.jpeg; path = "thai_shrimp_cake@2x.jpg"; sourceTree = "<group>"; };
		26389BB51B1D9DEA007125A3 /* thai_shrimp_cake@3x.jpg */ = {isa = PBXFileReference; lastKnownFileType = image.jpeg; path = "thai_shrimp_cake@3x.jpg"; sourceTree = "<group>"; };
		26389BB61B1D9DEA007125A3 /* vegetable_curry.jpg */ = {isa = PBXFileReference; lastKnownFileType = image.jpeg; path = vegetable_curry.jpg; sourceTree = "<group>"; };
		26389BB71B1D9DEA007125A3 /* vegetable_curry@2x.jpg */ = {isa = PBXFileReference; lastKnownFileType = image.jpeg; path = "vegetable_curry@2x.jpg"; sourceTree = "<group>"; };
		26389BB81B1D9DEA007125A3 /* vegetable_curry@3x.jpg */ = {isa = PBXFileReference; lastKnownFileType = image.jpeg; path = "vegetable_curry@3x.jpg"; sourceTree = "<group>"; };
		26389BB91B1D9DEA007125A3 /* white_chocolate_donut.jpg */ = {isa = PBXFileReference; lastKnownFileType = image.jpeg; path = white_chocolate_donut.jpg; sourceTree = "<group>"; };
		26389BBA1B1D9DEA007125A3 /* white_chocolate_donut@2x.jpg */ = {isa = PBXFileReference; lastKnownFileType = image.jpeg; path = "white_chocolate_donut@2x.jpg"; sourceTree = "<group>"; };
		26389BBB1B1D9DEA007125A3 /* white_chocolate_donut@3x.jpg */ = {isa = PBXFileReference; lastKnownFileType = image.jpeg; path = "white_chocolate_donut@3x.jpg"; sourceTree = "<group>"; };
		26D016431B111FB10057590C /* CustomTable.app */ = {isa = PBXFileReference; explicitFileType = wrapper.application; includeInIndex = 0; path = CustomTable.app; sourceTree = BUILT_PRODUCTS_DIR; };
		26D016471B111FB10057590C /* Info.plist */ = {isa = PBXFileReference; lastKnownFileType = text.plist.xml; path = Info.plist; sourceTree = "<group>"; };
		26D016481B111FB10057590C /* main.m */ = {isa = PBXFileReference; lastKnownFileType = sourcecode.c.objc; path = main.m; sourceTree = "<group>"; };
		26D0164A1B111FB10057590C /* AppDelegate.h */ = {isa = PBXFileReference; lastKnownFileType = sourcecode.c.h; path = AppDelegate.h; sourceTree = "<group>"; };
		26D0164B1B111FB10057590C /* AppDelegate.m */ = {isa = PBXFileReference; lastKnownFileType = sourcecode.c.objc; path = AppDelegate.m; sourceTree = "<group>"; };
		26D016561B111FB10057590C /* Base */ = {isa = PBXFileReference; lastKnownFileType = file.xib; name = Base; path = Base.lproj/LaunchScreen.xib; sourceTree = "<group>"; };
		26D0165C1B111FB10057590C /* CustomTableTests.xctest */ = {isa = PBXFileReference; explicitFileType = wrapper.cfbundle; includeInIndex = 0; path = CustomTableTests.xctest; sourceTree = BUILT_PRODUCTS_DIR; };
		26D016611B111FB10057590C /* Info.plist */ = {isa = PBXFileReference; lastKnownFileType = text.plist.xml; path = Info.plist; sourceTree = "<group>"; };
		26D016621B111FB10057590C /* CustomTableTests.m */ = {isa = PBXFileReference; lastKnownFileType = sourcecode.c.objc; path = CustomTableTests.m; sourceTree = "<group>"; };
		26D0166C1B111FD50057590C /* TableViewController.h */ = {isa = PBXFileReference; fileEncoding = 4; lastKnownFileType = sourcecode.c.h; path = TableViewController.h; sourceTree = "<group>"; };
		26D0166D1B111FD50057590C /* TableViewController.m */ = {isa = PBXFileReference; fileEncoding = 4; lastKnownFileType = sourcecode.c.objc; path = TableViewController.m; sourceTree = "<group>"; };
		26D724271B14EAC2001F2BBB /* CustomTableViewCell.h */ = {isa = PBXFileReference; fileEncoding = 4; lastKnownFileType = sourcecode.c.h; path = CustomTableViewCell.h; sourceTree = "<group>"; };
		26D724281B14EAC2001F2BBB /* CustomTableViewCell.m */ = {isa = PBXFileReference; fileEncoding = 4; lastKnownFileType = sourcecode.c.objc; path = CustomTableViewCell.m; sourceTree = "<group>"; };
		26E7BC881B1A23A100B88DF0 /* Recipes.plist */ = {isa = PBXFileReference; fileEncoding = 4; lastKnownFileType = text.plist.xml; path = Recipes.plist; sourceTree = "<group>"; };
		26E7BC8A1B1A318400B88DF0 /* RecipesVC.h */ = {isa = PBXFileReference; fileEncoding = 4; lastKnownFileType = sourcecode.c.h; path = RecipesVC.h; sourceTree = "<group>"; };
		26E7BC8B1B1A318400B88DF0 /* RecipesVC.m */ = {isa = PBXFileReference; fileEncoding = 4; lastKnownFileType = sourcecode.c.objc; path = RecipesVC.m; sourceTree = "<group>"; };
		26E7BC901B1A6BBA00B88DF0 /* AboutVC.h */ = {isa = PBXFileReference; fileEncoding = 4; lastKnownFileType = sourcecode.c.h; path = AboutVC.h; sourceTree = "<group>"; };
		26E7BC911B1A6BBA00B88DF0 /* AboutVC.m */ = {isa = PBXFileReference; fileEncoding = 4; lastKnownFileType = sourcecode.c.objc; path = AboutVC.m; sourceTree = "<group>"; };
/* End PBXFileReference section */

/* Begin PBXFrameworksBuildPhase section */
		26D016401B111FB10057590C /* Frameworks */ = {
			isa = PBXFrameworksBuildPhase;
			buildActionMask = 2147483647;
			files = (
			);
			runOnlyForDeploymentPostprocessing = 0;
		};
		26D016591B111FB10057590C /* Frameworks */ = {
			isa = PBXFrameworksBuildPhase;
			buildActionMask = 2147483647;
			files = (
			);
			runOnlyForDeploymentPostprocessing = 0;
		};
/* End PBXFrameworksBuildPhase section */

/* Begin PBXGroup section */
		26389B8A1B1D9DEA007125A3 /* simpletable_image_pack */ = {
			isa = PBXGroup;
			children = (
				26389B8B1B1D9DEA007125A3 /* angry_birds_cake.jpg */,
				26389B8C1B1D9DEA007125A3 /* angry_birds_cake@2x.jpg */,
				26389B8D1B1D9DEA007125A3 /* angry_birds_cake@3x.jpg */,
				26389B8E1B1D9DEA007125A3 /* creme_brelee.jpg */,
				26389B8F1B1D9DEA007125A3 /* creme_brelee@2x.jpg */,
				26389B901B1D9DEA007125A3 /* creme_brelee@3x.jpg */,
				26389B911B1D9DEA007125A3 /* egg_benedict.jpg */,
				26389B921B1D9DEA007125A3 /* egg_benedict@2x.jpg */,
				26389B931B1D9DEA007125A3 /* egg_benedict@3x.jpg */,
				26389B941B1D9DEA007125A3 /* full_breakfast.jpg */,
				26389B951B1D9DEA007125A3 /* full_breakfast@2x.jpg */,
				26389B961B1D9DEA007125A3 /* full_breakfast@3x.jpg */,
				26389B971B1D9DEA007125A3 /* green_tea.jpg */,
				26389B981B1D9DEA007125A3 /* green_tea@2x.jpg */,
				26389B991B1D9DEA007125A3 /* green_tea@3x.jpg */,
				26389B9A1B1D9DEA007125A3 /* ham_and_cheese_panini.jpg */,
				26389B9B1B1D9DEA007125A3 /* ham_and_cheese_panini@2x.jpg */,
				26389B9C1B1D9DEA007125A3 /* ham_and_cheese_panini@3x.jpg */,
				26389B9D1B1D9DEA007125A3 /* ham_and_egg_sandwich.jpg */,
				26389B9E1B1D9DEA007125A3 /* ham_and_egg_sandwich@2x.jpg */,
				26389B9F1B1D9DEA007125A3 /* ham_and_egg_sandwich@3x.jpg */,
				26389BA01B1D9DEA007125A3 /* hamburger.jpg */,
				26389BA11B1D9DEA007125A3 /* hamburger@2x.jpg */,
				26389BA21B1D9DEA007125A3 /* hamburger@3x.jpg */,
				26389BA31B1D9DEA007125A3 /* instant_noodle_with_egg.jpg */,
				26389BA41B1D9DEA007125A3 /* instant_noodle_with_egg@2x.jpg */,
				26389BA51B1D9DEA007125A3 /* instant_noodle_with_egg@3x.jpg */,
				26389BA61B1D9DEA007125A3 /* japanese_noodle_with_pork.jpg */,
				26389BA71B1D9DEA007125A3 /* japanese_noodle_with_pork@2x.jpg */,
				26389BA81B1D9DEA007125A3 /* japanese_noodle_with_pork@3x.jpg */,
				26389BA91B1D9DEA007125A3 /* mushroom_risotto.jpg */,
				26389BAA1B1D9DEA007125A3 /* mushroom_risotto@2x.jpg */,
				26389BAB1B1D9DEA007125A3 /* mushroom_risotto@3x.jpg */,
				26389BAC1B1D9DEA007125A3 /* noodle_with_bbq_pork.jpg */,
				26389BAD1B1D9DEA007125A3 /* noodle_with_bbq_pork@2x.jpg */,
				26389BAE1B1D9DEA007125A3 /* noodle_with_bbq_pork@3x.jpg */,
				26389BAF1B1D9DEA007125A3 /* simpletable_image_pack.zip */,
				26389BB01B1D9DEA007125A3 /* starbucks_coffee.jpg */,
				26389BB11B1D9DEA007125A3 /* starbucks_coffee@2x.jpg */,
				26389BB21B1D9DEA007125A3 /* starbucks_coffee@3x.jpg */,
				26389BB31B1D9DEA007125A3 /* thai_shrimp_cake.jpg */,
				26389BB41B1D9DEA007125A3 /* thai_shrimp_cake@2x.jpg */,
				26389BB51B1D9DEA007125A3 /* thai_shrimp_cake@3x.jpg */,
				26389BB61B1D9DEA007125A3 /* vegetable_curry.jpg */,
				26389BB71B1D9DEA007125A3 /* vegetable_curry@2x.jpg */,
				26389BB81B1D9DEA007125A3 /* vegetable_curry@3x.jpg */,
				26389BB91B1D9DEA007125A3 /* white_chocolate_donut.jpg */,
				26389BBA1B1D9DEA007125A3 /* white_chocolate_donut@2x.jpg */,
				26389BBB1B1D9DEA007125A3 /* white_chocolate_donut@3x.jpg */,
			);
			path = simpletable_image_pack;
			sourceTree = "<group>";
		};
		26D0163A1B111FB10057590C = {
			isa = PBXGroup;
			children = (
				26D016451B111FB10057590C /* CustomTable */,
				26D0165F1B111FB10057590C /* CustomTableTests */,
				26D016441B111FB10057590C /* Products */,
			);
			sourceTree = "<group>";
		};
		26D016441B111FB10057590C /* Products */ = {
			isa = PBXGroup;
			children = (
				26D016431B111FB10057590C /* CustomTable.app */,
				26D0165C1B111FB10057590C /* CustomTableTests.xctest */,
			);
			name = Products;
			sourceTree = "<group>";
		};
		26D016451B111FB10057590C /* CustomTable */ = {
			isa = PBXGroup;
			children = (
				26D0164A1B111FB10057590C /* AppDelegate.h */,
				26D0164B1B111FB10057590C /* AppDelegate.m */,
				26D724271B14EAC2001F2BBB /* CustomTableViewCell.h */,
				26D724281B14EAC2001F2BBB /* CustomTableViewCell.m */,
				26D0166C1B111FD50057590C /* TableViewController.h */,
				26D0166D1B111FD50057590C /* TableViewController.m */,
				26E7BC8A1B1A318400B88DF0 /* RecipesVC.h */,
				26E7BC8B1B1A318400B88DF0 /* RecipesVC.m */,
				26E7BC901B1A6BBA00B88DF0 /* AboutVC.h */,
				26E7BC911B1A6BBA00B88DF0 /* AboutVC.m */,
				26D016551B111FB10057590C /* LaunchScreen.xib */,
				26D016461B111FB10057590C /* Supporting Files */,
				26E7BC881B1A23A100B88DF0 /* Recipes.plist */,
			);
			path = CustomTable;
			sourceTree = "<group>";
		};
		26D016461B111FB10057590C /* Supporting Files */ = {
			isa = PBXGroup;
			children = (
				26389B8A1B1D9DEA007125A3 /* simpletable_image_pack */,
				262F96681B1A74240084807B /* about.jpg */,
				262F96691B1A74240084807B /* about.html */,
				26D016471B111FB10057590C /* Info.plist */,
				26D016481B111FB10057590C /* main.m */,
			);
			name = "Supporting Files";
			sourceTree = "<group>";
		};
		26D0165F1B111FB10057590C /* CustomTableTests */ = {
			isa = PBXGroup;
			children = (
				26D016621B111FB10057590C /* CustomTableTests.m */,
				26D016601B111FB10057590C /* Supporting Files */,
			);
			path = CustomTableTests;
			sourceTree = "<group>";
		};
		26D016601B111FB10057590C /* Supporting Files */ = {
			isa = PBXGroup;
			children = (
				26D016611B111FB10057590C /* Info.plist */,
			);
			name = "Supporting Files";
			sourceTree = "<group>";
		};
/* End PBXGroup section */

/* Begin PBXNativeTarget section */
		26D016421B111FB10057590C /* CustomTable */ = {
			isa = PBXNativeTarget;
			buildConfigurationList = 26D016661B111FB10057590C /* Build configuration list for PBXNativeTarget "CustomTable" */;
			buildPhases = (
				26D0163F1B111FB10057590C /* Sources */,
				26D016401B111FB10057590C /* Frameworks */,
				26D016411B111FB10057590C /* Resources */,
			);
			buildRules = (
			);
			dependencies = (
			);
			name = CustomTable;
			productName = CustomTable;
			productReference = 26D016431B111FB10057590C /* CustomTable.app */;
			productType = "com.apple.product-type.application";
		};
		26D0165B1B111FB10057590C /* CustomTableTests */ = {
			isa = PBXNativeTarget;
			buildConfigurationList = 26D016691B111FB10057590C /* Build configuration list for PBXNativeTarget "CustomTableTests" */;
			buildPhases = (
				26D016581B111FB10057590C /* Sources */,
				26D016591B111FB10057590C /* Frameworks */,
				26D0165A1B111FB10057590C /* Resources */,
			);
			buildRules = (
			);
			dependencies = (
				26D0165E1B111FB10057590C /* PBXTargetDependency */,
			);
			name = CustomTableTests;
			productName = CustomTableTests;
			productReference = 26D0165C1B111FB10057590C /* CustomTableTests.xctest */;
			productType = "com.apple.product-type.bundle.unit-test";
		};
/* End PBXNativeTarget section */

/* Begin PBXProject section */
		26D0163B1B111FB10057590C /* Project object */ = {
			isa = PBXProject;
			attributes = {
				LastUpgradeCheck = 0630;
				ORGANIZATIONNAME = KaL;
				TargetAttributes = {
					26D016421B111FB10057590C = {
						CreatedOnToolsVersion = 6.3.1;
					};
					26D0165B1B111FB10057590C = {
						CreatedOnToolsVersion = 6.3.1;
						TestTargetID = 26D016421B111FB10057590C;
					};
				};
			};
			buildConfigurationList = 26D0163E1B111FB10057590C /* Build configuration list for PBXProject "CustomTable" */;
			compatibilityVersion = "Xcode 3.2";
			developmentRegion = English;
			hasScannedForEncodings = 0;
			knownRegions = (
				en,
				Base,
			);
			mainGroup = 26D0163A1B111FB10057590C;
			productRefGroup = 26D016441B111FB10057590C /* Products */;
			projectDirPath = "";
			projectRoot = "";
			targets = (
				26D016421B111FB10057590C /* CustomTable */,
				26D0165B1B111FB10057590C /* CustomTableTests */,
			);
		};
/* End PBXProject section */

/* Begin PBXResourcesBuildPhase section */
		26D016411B111FB10057590C /* Resources */ = {
			isa = PBXResourcesBuildPhase;
			buildActionMask = 2147483647;
			files = (
				26389BC51B1D9DEA007125A3 /* full_breakfast.jpg in Resources */,
				26389BC31B1D9DEA007125A3 /* egg_benedict@2x.jpg in Resources */,
				26389BE61B1D9DEA007125A3 /* thai_shrimp_cake@3x.jpg in Resources */,
				26389BD21B1D9DEA007125A3 /* hamburger@2x.jpg in Resources */,
				26389BCD1B1D9DEA007125A3 /* ham_and_cheese_panini@3x.jpg in Resources */,
				26389BBC1B1D9DEA007125A3 /* angry_birds_cake.jpg in Resources */,
				26389BEC1B1D9DEA007125A3 /* white_chocolate_donut@3x.jpg in Resources */,
				26389BBF1B1D9DEA007125A3 /* creme_brelee.jpg in Resources */,
				26389BC71B1D9DEA007125A3 /* full_breakfast@3x.jpg in Resources */,
				26389BE21B1D9DEA007125A3 /* starbucks_coffee@2x.jpg in Resources */,
				26389BC91B1D9DEA007125A3 /* green_tea@2x.jpg in Resources */,
				26389BD91B1D9DEA007125A3 /* japanese_noodle_with_pork@3x.jpg in Resources */,
				26389BCC1B1D9DEA007125A3 /* ham_and_cheese_panini@2x.jpg in Resources */,
				26389BD71B1D9DEA007125A3 /* japanese_noodle_with_pork.jpg in Resources */,
				26389BD51B1D9DEA007125A3 /* instant_noodle_with_egg@2x.jpg in Resources */,
				26389BE41B1D9DEA007125A3 /* thai_shrimp_cake.jpg in Resources */,
				26389BC41B1D9DEA007125A3 /* egg_benedict@3x.jpg in Resources */,
				26389BD41B1D9DEA007125A3 /* instant_noodle_with_egg.jpg in Resources */,
				26389BBD1B1D9DEA007125A3 /* angry_birds_cake@2x.jpg in Resources */,
				262F966B1B1A74240084807B /* about.html in Resources */,
				26389BDF1B1D9DEA007125A3 /* noodle_with_bbq_pork@3x.jpg in Resources */,
				26389BDD1B1D9DEA007125A3 /* noodle_with_bbq_pork.jpg in Resources */,
				26389BE71B1D9DEA007125A3 /* vegetable_curry.jpg in Resources */,
				26389BCE1B1D9DEA007125A3 /* ham_and_egg_sandwich.jpg in Resources */,
				26389BEA1B1D9DEA007125A3 /* white_chocolate_donut.jpg in Resources */,
				26389BDA1B1D9DEA007125A3 /* mushroom_risotto.jpg in Resources */,
				26389BC21B1D9DEA007125A3 /* egg_benedict.jpg in Resources */,
				26389BE51B1D9DEA007125A3 /* thai_shrimp_cake@2x.jpg in Resources */,
				26389BE81B1D9DEA007125A3 /* vegetable_curry@2x.jpg in Resources */,
				26389BE31B1D9DEA007125A3 /* starbucks_coffee@3x.jpg in Resources */,
				26389BCB1B1D9DEA007125A3 /* ham_and_cheese_panini.jpg in Resources */,
				26389BCF1B1D9DEA007125A3 /* ham_and_egg_sandwich@2x.jpg in Resources */,
				26389BDC1B1D9DEA007125A3 /* mushroom_risotto@3x.jpg in Resources */,
				26389BD01B1D9DEA007125A3 /* ham_and_egg_sandwich@3x.jpg in Resources */,
				26389BD61B1D9DEA007125A3 /* instant_noodle_with_egg@3x.jpg in Resources */,
				26389BC81B1D9DEA007125A3 /* green_tea.jpg in Resources */,
				26389BD11B1D9DEA007125A3 /* hamburger.jpg in Resources */,
				26389BDE1B1D9DEA007125A3 /* noodle_with_bbq_pork@2x.jpg in Resources */,
				26389BD31B1D9DEA007125A3 /* hamburger@3x.jpg in Resources */,
				26389BBE1B1D9DEA007125A3 /* angry_birds_cake@3x.jpg in Resources */,
				26D016571B111FB10057590C /* LaunchScreen.xib in Resources */,
				26389BC01B1D9DEA007125A3 /* creme_brelee@2x.jpg in Resources */,
				26389BC11B1D9DEA007125A3 /* creme_brelee@3x.jpg in Resources */,
				26389BC61B1D9DEA007125A3 /* full_breakfast@2x.jpg in Resources */,
				26389BE01B1D9DEA007125A3 /* simpletable_image_pack.zip in Resources */,
				26389BE91B1D9DEA007125A3 /* vegetable_curry@3x.jpg in Resources */,
				26389BE11B1D9DEA007125A3 /* starbucks_coffee.jpg in Resources */,
				26389BD81B1D9DEA007125A3 /* japanese_noodle_with_pork@2x.jpg in Resources */,
				26E7BC891B1A23A100B88DF0 /* Recipes.plist in Resources */,
				26389BEB1B1D9DEA007125A3 /* white_chocolate_donut@2x.jpg in Resources */,
				26389BDB1B1D9DEA007125A3 /* mushroom_risotto@2x.jpg in Resources */,
				262F966A1B1A74240084807B /* about.jpg in Resources */,
				26389BCA1B1D9DEA007125A3 /* green_tea@3x.jpg in Resources */,
			);
			runOnlyForDeploymentPostprocessing = 0;
		};
		26D0165A1B111FB10057590C /* Resources */ = {
			isa = PBXResourcesBuildPhase;
			buildActionMask = 2147483647;
			files = (
			);
			runOnlyForDeploymentPostprocessing = 0;
		};
/* End PBXResourcesBuildPhase section */

/* Begin PBXSourcesBuildPhase section */
		26D0163F1B111FB10057590C /* Sources */ = {
			isa = PBXSourcesBuildPhase;
			buildActionMask = 2147483647;
			files = (
				26D0164C1B111FB10057590C /* AppDelegate.m in Sources */,
				26D0166E1B111FD50057590C /* TableViewController.m in Sources */,
				26D724291B14EAC2001F2BBB /* CustomTableViewCell.m in Sources */,
				26E7BC8C1B1A318400B88DF0 /* RecipesVC.m in Sources */,
				26E7BC921B1A6BBA00B88DF0 /* AboutVC.m in Sources */,
				26D016491B111FB10057590C /* main.m in Sources */,
			);
			runOnlyForDeploymentPostprocessing = 0;
		};
		26D016581B111FB10057590C /* Sources */ = {
			isa = PBXSourcesBuildPhase;
			buildActionMask = 2147483647;
			files = (
				26D016631B111FB10057590C /* CustomTableTests.m in Sources */,
			);
			runOnlyForDeploymentPostprocessing = 0;
		};
/* End PBXSourcesBuildPhase section */

/* Begin PBXTargetDependency section */
		26D0165E1B111FB10057590C /* PBXTargetDependency */ = {
			isa = PBXTargetDependency;
			target = 26D016421B111FB10057590C /* CustomTable */;
			targetProxy = 26D0165D1B111FB10057590C /* PBXContainerItemProxy */;
		};
/* End PBXTargetDependency section */

/* Begin PBXVariantGroup section */
		26D016551B111FB10057590C /* LaunchScreen.xib */ = {
			isa = PBXVariantGroup;
			children = (
				26D016561B111FB10057590C /* Base */,
			);
			name = LaunchScreen.xib;
			sourceTree = "<group>";
		};
/* End PBXVariantGroup section */

/* Begin XCBuildConfiguration section */
		26D016641B111FB10057590C /* Debug */ = {
			isa = XCBuildConfiguration;
			buildSettings = {
				ALWAYS_SEARCH_USER_PATHS = NO;
				CLANG_CXX_LANGUAGE_STANDARD = "gnu++0x";
				CLANG_CXX_LIBRARY = "libc++";
				CLANG_ENABLE_MODULES = YES;
				CLANG_ENABLE_OBJC_ARC = YES;
				CLANG_WARN_BOOL_CONVERSION = YES;
				CLANG_WARN_CONSTANT_CONVERSION = YES;
				CLANG_WARN_DIRECT_OBJC_ISA_USAGE = YES_ERROR;
				CLANG_WARN_EMPTY_BODY = YES;
				CLANG_WARN_ENUM_CONVERSION = YES;
				CLANG_WARN_INT_CONVERSION = YES;
				CLANG_WARN_OBJC_ROOT_CLASS = YES_ERROR;
				CLANG_WARN_UNREACHABLE_CODE = YES;
				CLANG_WARN__DUPLICATE_METHOD_MATCH = YES;
				"CODE_SIGN_IDENTITY[sdk=iphoneos*]" = "iPhone Developer";
				COPY_PHASE_STRIP = NO;
				DEBUG_INFORMATION_FORMAT = "dwarf-with-dsym";
				ENABLE_STRICT_OBJC_MSGSEND = YES;
				GCC_C_LANGUAGE_STANDARD = gnu99;
				GCC_DYNAMIC_NO_PIC = NO;
				GCC_NO_COMMON_BLOCKS = YES;
				GCC_OPTIMIZATION_LEVEL = 0;
				GCC_PREPROCESSOR_DEFINITIONS = (
					"DEBUG=1",
					"$(inherited)",
				);
				GCC_SYMBOLS_PRIVATE_EXTERN = NO;
				GCC_WARN_64_TO_32_BIT_CONVERSION = YES;
				GCC_WARN_ABOUT_RETURN_TYPE = YES_ERROR;
				GCC_WARN_UNDECLARED_SELECTOR = YES;
				GCC_WARN_UNINITIALIZED_AUTOS = YES_AGGRESSIVE;
				GCC_WARN_UNUSED_FUNCTION = YES;
				GCC_WARN_UNUSED_VARIABLE = YES;
				IPHONEOS_DEPLOYMENT_TARGET = 8.3;
				MTL_ENABLE_DEBUG_INFO = YES;
				ONLY_ACTIVE_ARCH = YES;
				SDKROOT = iphoneos;
				TARGETED_DEVICE_FAMILY = "1,2";
			};
			name = Debug;
		};
		26D016651B111FB10057590C /* Release */ = {
			isa = XCBuildConfiguration;
			buildSettings = {
				ALWAYS_SEARCH_USER_PATHS = NO;
				CLANG_CXX_LANGUAGE_STANDARD = "gnu++0x";
				CLANG_CXX_LIBRARY = "libc++";
				CLANG_ENABLE_MODULES = YES;
				CLANG_ENABLE_OBJC_ARC = YES;
				CLANG_WARN_BOOL_CONVERSION = YES;
				CLANG_WARN_CONSTANT_CONVERSION = YES;
				CLANG_WARN_DIRECT_OBJC_ISA_USAGE = YES_ERROR;
				CLANG_WARN_EMPTY_BODY = YES;
				CLANG_WARN_ENUM_CONVERSION = YES;
				CLANG_WARN_INT_CONVERSION = YES;
				CLANG_WARN_OBJC_ROOT_CLASS = YES_ERROR;
				CLANG_WARN_UNREACHABLE_CODE = YES;
				CLANG_WARN__DUPLICATE_METHOD_MATCH = YES;
				"CODE_SIGN_IDENTITY[sdk=iphoneos*]" = "iPhone Developer";
				COPY_PHASE_STRIP = NO;
				DEBUG_INFORMATION_FORMAT = "dwarf-with-dsym";
				ENABLE_NS_ASSERTIONS = NO;
				ENABLE_STRICT_OBJC_MSGSEND = YES;
				GCC_C_LANGUAGE_STANDARD = gnu99;
				GCC_NO_COMMON_BLOCKS = YES;
				GCC_WARN_64_TO_32_BIT_CONVERSION = YES;
				GCC_WARN_ABOUT_RETURN_TYPE = YES_ERROR;
				GCC_WARN_UNDECLARED_SELECTOR = YES;
				GCC_WARN_UNINITIALIZED_AUTOS = YES_AGGRESSIVE;
				GCC_WARN_UNUSED_FUNCTION = YES;
				GCC_WARN_UNUSED_VARIABLE = YES;
				IPHONEOS_DEPLOYMENT_TARGET = 8.3;
				MTL_ENABLE_DEBUG_INFO = NO;
				SDKROOT = iphoneos;
				TARGETED_DEVICE_FAMILY = "1,2";
				VALIDATE_PRODUCT = YES;
			};
			name = Release;
		};
		26D016671B111FB10057590C /* Debug */ = {
			isa = XCBuildConfiguration;
			buildSettings = {
				ASSETCATALOG_COMPILER_APPICON_NAME = AppIcon;
				INFOPLIST_FILE = CustomTable/Info.plist;
				LD_RUNPATH_SEARCH_PATHS = "$(inherited) @executable_path/Frameworks";
				PRODUCT_NAME = "$(TARGET_NAME)";
			};
			name = Debug;
		};
		26D016681B111FB10057590C /* Release */ = {
			isa = XCBuildConfiguration;
			buildSettings = {
				ASSETCATALOG_COMPILER_APPICON_NAME = AppIcon;
				INFOPLIST_FILE = CustomTable/Info.plist;
				LD_RUNPATH_SEARCH_PATHS = "$(inherited) @executable_path/Frameworks";
				PRODUCT_NAME = "$(TARGET_NAME)";
			};
			name = Release;
		};
		26D0166A1B111FB10057590C /* Debug */ = {
			isa = XCBuildConfiguration;
			buildSettings = {
				BUNDLE_LOADER = "$(TEST_HOST)";
				FRAMEWORK_SEARCH_PATHS = (
					"$(SDKROOT)/Developer/Library/Frameworks",
					"$(inherited)",
				);
				GCC_PREPROCESSOR_DEFINITIONS = (
					"DEBUG=1",
					"$(inherited)",
				);
				INFOPLIST_FILE = CustomTableTests/Info.plist;
				LD_RUNPATH_SEARCH_PATHS = "$(inherited) @executable_path/Frameworks @loader_path/Frameworks";
				PRODUCT_NAME = "$(TARGET_NAME)";
				TEST_HOST = "$(BUILT_PRODUCTS_DIR)/CustomTable.app/CustomTable";
			};
			name = Debug;
		};
		26D0166B1B111FB10057590C /* Release */ = {
			isa = XCBuildConfiguration;
			buildSettings = {
				BUNDLE_LOADER = "$(TEST_HOST)";
				FRAMEWORK_SEARCH_PATHS = (
					"$(SDKROOT)/Developer/Library/Frameworks",
					"$(inherited)",
				);
				INFOPLIST_FILE = CustomTableTests/Info.plist;
				LD_RUNPATH_SEARCH_PATHS = "$(inherited) @executable_path/Frameworks @loader_path/Frameworks";
				PRODUCT_NAME = "$(TARGET_NAME)";
				TEST_HOST = "$(BUILT_PRODUCTS_DIR)/CustomTable.app/CustomTable";
			};
			name = Release;
		};
/* End XCBuildConfiguration section */

/* Begin XCConfigurationList section */
		26D0163E1B111FB10057590C /* Build configuration list for PBXProject "CustomTable" */ = {
			isa = XCConfigurationList;
			buildConfigurations = (
				26D016641B111FB10057590C /* Debug */,
				26D016651B111FB10057590C /* Release */,
			);
			defaultConfigurationIsVisible = 0;
			defaultConfigurationName = Release;
		};
		26D016661B111FB10057590C /* Build configuration list for PBXNativeTarget "CustomTable" */ = {
			isa = XCConfigurationList;
			buildConfigurations = (
				26D016671B111FB10057590C /* Debug */,
				26D016681B111FB10057590C /* Release */,
			);
			defaultConfigurationIsVisible = 0;
			defaultConfigurationName = Release;
		};
		26D016691B111FB10057590C /* Build configuration list for PBXNativeTarget "CustomTableTests" */ = {
			isa = XCConfigurationList;
			buildConfigurations = (
				26D0166A1B111FB10057590C /* Debug */,
				26D0166B1B111FB10057590C /* Release */,
			);
			defaultConfigurationIsVisible = 0;
			defaultConfigurationName = Release;
		};
/* End XCConfigurationList section */
	};
	rootObject = 26D0163B1B111FB10057590C /* Project object */;
}
