// !$*UTF8*$!
{
	archiveVersion = 1;
	classes = {
	};
	objectVersion = 46;
	objects = {

/* Begin PBXBuildFile section */
		2678205B1B0FDB4100696173 /* main.m in Sources */ = {isa = PBXBuildFile; fileRef = 2678205A1B0FDB4100696173 /* main.m */; };
		2678205E1B0FDB4100696173 /* AppDelegate.m in Sources */ = {isa = PBXBuildFile; fileRef = 2678205D1B0FDB4100696173 /* AppDelegate.m */; };
		267820611B0FDB4100696173 /* ViewController.m in Sources */ = {isa = PBXBuildFile; fileRef = 267820601B0FDB4100696173 /* ViewController.m */; };
		267820641B0FDB4100696173 /* Main.storyboard in Resources */ = {isa = PBXBuildFile; fileRef = 267820621B0FDB4100696173 /* Main.storyboard */; };
		267820661B0FDB4100696173 /* Images.xcassets in Resources */ = {isa = PBXBuildFile; fileRef = 267820651B0FDB4100696173 /* Images.xcassets */; };
		267820691B0FDB4100696173 /* LaunchScreen.xib in Resources */ = {isa = PBXBuildFile; fileRef = 267820671B0FDB4100696173 /* LaunchScreen.xib */; };
		267820751B0FDB4100696173 /* HelloWorldTests.m in Sources */ = {isa = PBXBuildFile; fileRef = 267820741B0FDB4100696173 /* HelloWorldTests.m */; };
/* End PBXBuildFile section */

/* Begin PBXContainerItemProxy section */
		2678206F1B0FDB4100696173 /* PBXContainerItemProxy */ = {
			isa = PBXContainerItemProxy;
			containerPortal = 2678204D1B0FDB4100696173 /* Project object */;
			proxyType = 1;
			remoteGlobalIDString = 267820541B0FDB4100696173;
			remoteInfo = HelloWorld;
		};
/* End PBXContainerItemProxy section */

/* Begin PBXFileReference section */
		267820551B0FDB4100696173 /* HelloWorld.app */ = {isa = PBXFileReference; explicitFileType = wrapper.application; includeInIndex = 0; path = HelloWorld.app; sourceTree = BUILT_PRODUCTS_DIR; };
		267820591B0FDB4100696173 /* Info.plist */ = {isa = PBXFileReference; lastKnownFileType = text.plist.xml; path = Info.plist; sourceTree = "<group>"; };
		2678205A1B0FDB4100696173 /* main.m */ = {isa = PBXFileReference; lastKnownFileType = sourcecode.c.objc; path = main.m; sourceTree = "<group>"; };
		2678205C1B0FDB4100696173 /* AppDelegate.h */ = {isa = PBXFileReference; lastKnownFileType = sourcecode.c.h; path = AppDelegate.h; sourceTree = "<group>"; };
		2678205D1B0FDB4100696173 /* AppDelegate.m */ = {isa = PBXFileReference; lastKnownFileType = sourcecode.c.objc; path = AppDelegate.m; sourceTree = "<group>"; };
		2678205F1B0FDB4100696173 /* ViewController.h */ = {isa = PBXFileReference; lastKnownFileType = sourcecode.c.h; path = ViewController.h; sourceTree = "<group>"; };
		267820601B0FDB4100696173 /* ViewController.m */ = {isa = PBXFileReference; lastKnownFileType = sourcecode.c.objc; path = ViewController.m; sourceTree = "<group>"; };
		267820631B0FDB4100696173 /* Base */ = {isa = PBXFileReference; lastKnownFileType = file.storyboard; name = Base; path = Base.lproj/Main.storyboard; sourceTree = "<group>"; };
		267820651B0FDB4100696173 /* Images.xcassets */ = {isa = PBXFileReference; lastKnownFileType = folder.assetcatalog; path = Images.xcassets; sourceTree = "<group>"; };
		267820681B0FDB4100696173 /* Base */ = {isa = PBXFileReference; lastKnownFileType = file.xib; name = Base; path = Base.lproj/LaunchScreen.xib; sourceTree = "<group>"; };
		2678206E1B0FDB4100696173 /* HelloWorldTests.xctest */ = {isa = PBXFileReference; explicitFileType = wrapper.cfbundle; includeInIndex = 0; path = HelloWorldTests.xctest; sourceTree = BUILT_PRODUCTS_DIR; };
		267820731B0FDB4100696173 /* Info.plist */ = {isa = PBXFileReference; lastKnownFileType = text.plist.xml; path = Info.plist; sourceTree = "<group>"; };
		267820741B0FDB4100696173 /* HelloWorldTests.m */ = {isa = PBXFileReference; lastKnownFileType = sourcecode.c.objc; path = HelloWorldTests.m; sourceTree = "<group>"; };
/* End PBXFileReference section */

/* Begin PBXFrameworksBuildPhase section */
		267820521B0FDB4100696173 /* Frameworks */ = {
			isa = PBXFrameworksBuildPhase;
			buildActionMask = 2147483647;
			files = (
			);
			runOnlyForDeploymentPostprocessing = 0;
		};
		2678206B1B0FDB4100696173 /* Frameworks */ = {
			isa = PBXFrameworksBuildPhase;
			buildActionMask = 2147483647;
			files = (
			);
			runOnlyForDeploymentPostprocessing = 0;
		};
/* End PBXFrameworksBuildPhase section */

/* Begin PBXGroup section */
		2678204C1B0FDB4100696173 = {
			isa = PBXGroup;
			children = (
				267820571B0FDB4100696173 /* HelloWorld */,
				267820711B0FDB4100696173 /* HelloWorldTests */,
				267820561B0FDB4100696173 /* Products */,
			);
			sourceTree = "<group>";
		};
		267820561B0FDB4100696173 /* Products */ = {
			isa = PBXGroup;
			children = (
				267820551B0FDB4100696173 /* HelloWorld.app */,
				2678206E1B0FDB4100696173 /* HelloWorldTests.xctest */,
			);
			name = Products;
			sourceTree = "<group>";
		};
		267820571B0FDB4100696173 /* HelloWorld */ = {
			isa = PBXGroup;
			children = (
				2678205C1B0FDB4100696173 /* AppDelegate.h */,
				2678205D1B0FDB4100696173 /* AppDelegate.m */,
				2678205F1B0FDB4100696173 /* ViewController.h */,
				267820601B0FDB4100696173 /* ViewController.m */,
				267820621B0FDB4100696173 /* Main.storyboard */,
				267820651B0FDB4100696173 /* Images.xcassets */,
				267820671B0FDB4100696173 /* LaunchScreen.xib */,
				267820581B0FDB4100696173 /* Supporting Files */,
			);
			path = HelloWorld;
			sourceTree = "<group>";
		};
		267820581B0FDB4100696173 /* Supporting Files */ = {
			isa = PBXGroup;
			children = (
				267820591B0FDB4100696173 /* Info.plist */,
				2678205A1B0FDB4100696173 /* main.m */,
			);
			name = "Supporting Files";
			sourceTree = "<group>";
		};
		267820711B0FDB4100696173 /* HelloWorldTests */ = {
			isa = PBXGroup;
			children = (
				267820741B0FDB4100696173 /* HelloWorldTests.m */,
				267820721B0FDB4100696173 /* Supporting Files */,
			);
			path = HelloWorldTests;
			sourceTree = "<group>";
		};
		267820721B0FDB4100696173 /* Supporting Files */ = {
			isa = PBXGroup;
			children = (
				267820731B0FDB4100696173 /* Info.plist */,
			);
			name = "Supporting Files";
			sourceTree = "<group>";
		};
/* End PBXGroup section */

/* Begin PBXNativeTarget section */
		267820541B0FDB4100696173 /* HelloWorld */ = {
			isa = PBXNativeTarget;
			buildConfigurationList = 267820781B0FDB4100696173 /* Build configuration list for PBXNativeTarget "HelloWorld" */;
			buildPhases = (
				267820511B0FDB4100696173 /* Sources */,
				267820521B0FDB4100696173 /* Frameworks */,
				267820531B0FDB4100696173 /* Resources */,
			);
			buildRules = (
			);
			dependencies = (
			);
			name = HelloWorld;
			productName = HelloWorld;
			productReference = 267820551B0FDB4100696173 /* HelloWorld.app */;
			productType = "com.apple.product-type.application";
		};
		2678206D1B0FDB4100696173 /* HelloWorldTests */ = {
			isa = PBXNativeTarget;
			buildConfigurationList = 2678207B1B0FDB4100696173 /* Build configuration list for PBXNativeTarget "HelloWorldTests" */;
			buildPhases = (
				2678206A1B0FDB4100696173 /* Sources */,
				2678206B1B0FDB4100696173 /* Frameworks */,
				2678206C1B0FDB4100696173 /* Resources */,
			);
			buildRules = (
			);
			dependencies = (
				267820701B0FDB4100696173 /* PBXTargetDependency */,
			);
			name = HelloWorldTests;
			productName = HelloWorldTests;
			productReference = 2678206E1B0FDB4100696173 /* HelloWorldTests.xctest */;
			productType = "com.apple.product-type.bundle.unit-test";
		};
/* End PBXNativeTarget section */

/* Begin PBXProject section */
		2678204D1B0FDB4100696173 /* Project object */ = {
			isa = PBXProject;
			attributes = {
				LastUpgradeCheck = 0630;
				ORGANIZATIONNAME = KaL;
				TargetAttributes = {
					267820541B0FDB4100696173 = {
						CreatedOnToolsVersion = 6.3.1;
					};
					2678206D1B0FDB4100696173 = {
						CreatedOnToolsVersion = 6.3.1;
						TestTargetID = 267820541B0FDB4100696173;
					};
				};
			};
			buildConfigurationList = 267820501B0FDB4100696173 /* Build configuration list for PBXProject "HelloWorld" */;
			compatibilityVersion = "Xcode 3.2";
			developmentRegion = English;
			hasScannedForEncodings = 0;
			knownRegions = (
				en,
				Base,
			);
			mainGroup = 2678204C1B0FDB4100696173;
			productRefGroup = 267820561B0FDB4100696173 /* Products */;
			projectDirPath = "";
			projectRoot = "";
			targets = (
				267820541B0FDB4100696173 /* HelloWorld */,
				2678206D1B0FDB4100696173 /* HelloWorldTests */,
			);
		};
/* End PBXProject section */

/* Begin PBXResourcesBuildPhase section */
		267820531B0FDB4100696173 /* Resources */ = {
			isa = PBXResourcesBuildPhase;
			buildActionMask = 2147483647;
			files = (
				267820641B0FDB4100696173 /* Main.storyboard in Resources */,
				267820691B0FDB4100696173 /* LaunchScreen.xib in Resources */,
				267820661B0FDB4100696173 /* Images.xcassets in Resources */,
			);
			runOnlyForDeploymentPostprocessing = 0;
		};
		2678206C1B0FDB4100696173 /* Resources */ = {
			isa = PBXResourcesBuildPhase;
			buildActionMask = 2147483647;
			files = (
			);
			runOnlyForDeploymentPostprocessing = 0;
		};
/* End PBXResourcesBuildPhase section */

/* Begin PBXSourcesBuildPhase section */
		267820511B0FDB4100696173 /* Sources */ = {
			isa = PBXSourcesBuildPhase;
			buildActionMask = 2147483647;
			files = (
				267820611B0FDB4100696173 /* ViewController.m in Sources */,
				2678205E1B0FDB4100696173 /* AppDelegate.m in Sources */,
				2678205B1B0FDB4100696173 /* main.m in Sources */,
			);
			runOnlyForDeploymentPostprocessing = 0;
		};
		2678206A1B0FDB4100696173 /* Sources */ = {
			isa = PBXSourcesBuildPhase;
			buildActionMask = 2147483647;
			files = (
				267820751B0FDB4100696173 /* HelloWorldTests.m in Sources */,
			);
			runOnlyForDeploymentPostprocessing = 0;
		};
/* End PBXSourcesBuildPhase section */

/* Begin PBXTargetDependency section */
		267820701B0FDB4100696173 /* PBXTargetDependency */ = {
			isa = PBXTargetDependency;
			target = 267820541B0FDB4100696173 /* HelloWorld */;
			targetProxy = 2678206F1B0FDB4100696173 /* PBXContainerItemProxy */;
		};
/* End PBXTargetDependency section */

/* Begin PBXVariantGroup section */
		267820621B0FDB4100696173 /* Main.storyboard */ = {
			isa = PBXVariantGroup;
			children = (
				267820631B0FDB4100696173 /* Base */,
			);
			name = Main.storyboard;
			sourceTree = "<group>";
		};
		267820671B0FDB4100696173 /* LaunchScreen.xib */ = {
			isa = PBXVariantGroup;
			children = (
				267820681B0FDB4100696173 /* Base */,
			);
			name = LaunchScreen.xib;
			sourceTree = "<group>";
		};
/* End PBXVariantGroup section */

/* Begin XCBuildConfiguration section */
		267820761B0FDB4100696173 /* Debug */ = {
			isa = XCBuildConfiguration;
			buildSettings = {
				ALWAYS_SEARCH_USER_PATHS = NO;
				CLANG_CXX_LANGUAGE_STANDARD = "gnu++0x";
				CLANG_CXX_LIBRARY = "libc++";
				CLANG_ENABLE_MODULES = YES;
				CLANG_ENABLE_OBJC_ARC = YES;
				CLANG_WARN_BOOL_CONVERSION = YES;
				CLANG_WARN_CONSTANT_CONVERSION = YES;
				CLANG_WARN_DIRECT_OBJC_ISA_USAGE = YES_ERROR;
				CLANG_WARN_EMPTY_BODY = YES;
				CLANG_WARN_ENUM_CONVERSION = YES;
				CLANG_WARN_INT_CONVERSION = YES;
				CLANG_WARN_OBJC_ROOT_CLASS = YES_ERROR;
				CLANG_WARN_UNREACHABLE_CODE = YES;
				CLANG_WARN__DUPLICATE_METHOD_MATCH = YES;
				"CODE_SIGN_IDENTITY[sdk=iphoneos*]" = "iPhone Developer";
				COPY_PHASE_STRIP = NO;
				DEBUG_INFORMATION_FORMAT = "dwarf-with-dsym";
				ENABLE_STRICT_OBJC_MSGSEND = YES;
				GCC_C_LANGUAGE_STANDARD = gnu99;
				GCC_DYNAMIC_NO_PIC = NO;
				GCC_NO_COMMON_BLOCKS = YES;
				GCC_OPTIMIZATION_LEVEL = 0;
				GCC_PREPROCESSOR_DEFINITIONS = (
					"DEBUG=1",
					"$(inherited)",
				);
				GCC_SYMBOLS_PRIVATE_EXTERN = NO;
				GCC_WARN_64_TO_32_BIT_CONVERSION = YES;
				GCC_WARN_ABOUT_RETURN_TYPE = YES_ERROR;
				GCC_WARN_UNDECLARED_SELECTOR = YES;
				GCC_WARN_UNINITIALIZED_AUTOS = YES_AGGRESSIVE;
				GCC_WARN_UNUSED_FUNCTION = YES;
				GCC_WARN_UNUSED_VARIABLE = YES;
				IPHONEOS_DEPLOYMENT_TARGET = 8.3;
				MTL_ENABLE_DEBUG_INFO = YES;
				ONLY_ACTIVE_ARCH = YES;
				SDKROOT = iphoneos;
				TARGETED_DEVICE_FAMILY = "1,2";
			};
			name = Debug;
		};
		267820771B0FDB4100696173 /* Release */ = {
			isa = XCBuildConfiguration;
			buildSettings = {
				ALWAYS_SEARCH_USER_PATHS = NO;
				CLANG_CXX_LANGUAGE_STANDARD = "gnu++0x";
				CLANG_CXX_LIBRARY = "libc++";
				CLANG_ENABLE_MODULES = YES;
				CLANG_ENABLE_OBJC_ARC = YES;
				CLANG_WARN_BOOL_CONVERSION = YES;
				CLANG_WARN_CONSTANT_CONVERSION = YES;
				CLANG_WARN_DIRECT_OBJC_ISA_USAGE = YES_ERROR;
				CLANG_WARN_EMPTY_BODY = YES;
				CLANG_WARN_ENUM_CONVERSION = YES;
				CLANG_WARN_INT_CONVERSION = YES;
				CLANG_WARN_OBJC_ROOT_CLASS = YES_ERROR;
				CLANG_WARN_UNREACHABLE_CODE = YES;
				CLANG_WARN__DUPLICATE_METHOD_MATCH = YES;
				"CODE_SIGN_IDENTITY[sdk=iphoneos*]" = "iPhone Developer";
				COPY_PHASE_STRIP = NO;
				DEBUG_INFORMATION_FORMAT = "dwarf-with-dsym";
				ENABLE_NS_ASSERTIONS = NO;
				ENABLE_STRICT_OBJC_MSGSEND = YES;
				GCC_C_LANGUAGE_STANDARD = gnu99;
				GCC_NO_COMMON_BLOCKS = YES;
				GCC_WARN_64_TO_32_BIT_CONVERSION = YES;
				GCC_WARN_ABOUT_RETURN_TYPE = YES_ERROR;
				GCC_WARN_UNDECLARED_SELECTOR = YES;
				GCC_WARN_UNINITIALIZED_AUTOS = YES_AGGRESSIVE;
				GCC_WARN_UNUSED_FUNCTION = YES;
				GCC_WARN_UNUSED_VARIABLE = YES;
				IPHONEOS_DEPLOYMENT_TARGET = 8.3;
				MTL_ENABLE_DEBUG_INFO = NO;
				SDKROOT = iphoneos;
				TARGETED_DEVICE_FAMILY = "1,2";
				VALIDATE_PRODUCT = YES;
			};
			name = Release;
		};
		267820791B0FDB4100696173 /* Debug */ = {
			isa = XCBuildConfiguration;
			buildSettings = {
				ASSETCATALOG_COMPILER_APPICON_NAME = AppIcon;
				INFOPLIST_FILE = HelloWorld/Info.plist;
				LD_RUNPATH_SEARCH_PATHS = "$(inherited) @executable_path/Frameworks";
				PRODUCT_NAME = "$(TARGET_NAME)";
			};
			name = Debug;
		};
		2678207A1B0FDB4100696173 /* Release */ = {
			isa = XCBuildConfiguration;
			buildSettings = {
				ASSETCATALOG_COMPILER_APPICON_NAME = AppIcon;
				INFOPLIST_FILE = HelloWorld/Info.plist;
				LD_RUNPATH_SEARCH_PATHS = "$(inherited) @executable_path/Frameworks";
				PRODUCT_NAME = "$(TARGET_NAME)";
			};
			name = Release;
		};
		2678207C1B0FDB4100696173 /* Debug */ = {
			isa = XCBuildConfiguration;
			buildSettings = {
				BUNDLE_LOADER = "$(TEST_HOST)";
				FRAMEWORK_SEARCH_PATHS = (
					"$(SDKROOT)/Developer/Library/Frameworks",
					"$(inherited)",
				);
				GCC_PREPROCESSOR_DEFINITIONS = (
					"DEBUG=1",
					"$(inherited)",
				);
				INFOPLIST_FILE = HelloWorldTests/Info.plist;
				LD_RUNPATH_SEARCH_PATHS = "$(inherited) @executable_path/Frameworks @loader_path/Frameworks";
				PRODUCT_NAME = "$(TARGET_NAME)";
				TEST_HOST = "$(BUILT_PRODUCTS_DIR)/HelloWorld.app/HelloWorld";
			};
			name = Debug;
		};
		2678207D1B0FDB4100696173 /* Release */ = {
			isa = XCBuildConfiguration;
			buildSettings = {
				BUNDLE_LOADER = "$(TEST_HOST)";
				FRAMEWORK_SEARCH_PATHS = (
					"$(SDKROOT)/Developer/Library/Frameworks",
					"$(inherited)",
				);
				INFOPLIST_FILE = HelloWorldTests/Info.plist;
				LD_RUNPATH_SEARCH_PATHS = "$(inherited) @executable_path/Frameworks @loader_path/Frameworks";
				PRODUCT_NAME = "$(TARGET_NAME)";
				TEST_HOST = "$(BUILT_PRODUCTS_DIR)/HelloWorld.app/HelloWorld";
			};
			name = Release;
		};
/* End XCBuildConfiguration section */

/* Begin XCConfigurationList section */
		267820501B0FDB4100696173 /* Build configuration list for PBXProject "HelloWorld" */ = {
			isa = XCConfigurationList;
			buildConfigurations = (
				267820761B0FDB4100696173 /* Debug */,
				267820771B0FDB4100696173 /* Release */,
			);
			defaultConfigurationIsVisible = 0;
			defaultConfigurationName = Release;
		};
		267820781B0FDB4100696173 /* Build configuration list for PBXNativeTarget "HelloWorld" */ = {
			isa = XCConfigurationList;
			buildConfigurations = (
				267820791B0FDB4100696173 /* Debug */,
				2678207A1B0FDB4100696173 /* Release */,
			);
			defaultConfigurationIsVisible = 0;
		};
		2678207B1B0FDB4100696173 /* Build configuration list for PBXNativeTarget "HelloWorldTests" */ = {
			isa = XCConfigurationList;
			buildConfigurations = (
				2678207C1B0FDB4100696173 /* Debug */,
				2678207D1B0FDB4100696173 /* Release */,
			);
			defaultConfigurationIsVisible = 0;
		};
/* End XCConfigurationList section */
	};
	rootObject = 2678204D1B0FDB4100696173 /* Project object */;
}
